// !$*UTF8*$!
{
	archiveVersion = 1;
	classes = {
	};
	objectVersion = 48;
	objects = {

/* Begin PBXBuildFile section */
		793D833C4A8EDBE32C83E6EE /* Pods_Todoey.framework in Frameworks */ = {isa = PBXBuildFile; fileRef = A43B1234760B878DF58AE23A /* Pods_Todoey.framework */; };
		A77320812031F8CB00EC5FEE /* CategoryViewController.swift in Sources */ = {isa = PBXBuildFile; fileRef = A77320802031F8CB00EC5FEE /* CategoryViewController.swift */; };
		A793C7BE2032E6BC008A8E3C /* Item.swift in Sources */ = {isa = PBXBuildFile; fileRef = A793C7BD2032E6BC008A8E3C /* Item.swift */; };
		A793C7C02032E6C9008A8E3C /* Category.swift in Sources */ = {isa = PBXBuildFile; fileRef = A793C7BF2032E6C9008A8E3C /* Category.swift */; };
		A7F69A4C2015178F0089AAE2 /* AppDelegate.swift in Sources */ = {isa = PBXBuildFile; fileRef = A7F69A4B2015178F0089AAE2 /* AppDelegate.swift */; };
		A7F69A4E2015178F0089AAE2 /* TodoListViewController.swift in Sources */ = {isa = PBXBuildFile; fileRef = A7F69A4D2015178F0089AAE2 /* TodoListViewController.swift */; };
		A7F69A512015178F0089AAE2 /* Main.storyboard in Resources */ = {isa = PBXBuildFile; fileRef = A7F69A4F2015178F0089AAE2 /* Main.storyboard */; };
		A7F69A532015178F0089AAE2 /* Assets.xcassets in Resources */ = {isa = PBXBuildFile; fileRef = A7F69A522015178F0089AAE2 /* Assets.xcassets */; };
		A7F69A562015178F0089AAE2 /* LaunchScreen.storyboard in Resources */ = {isa = PBXBuildFile; fileRef = A7F69A542015178F0089AAE2 /* LaunchScreen.storyboard */; };
/* End PBXBuildFile section */

/* Begin PBXFileReference section */
		468E12D5D1B4A5AF9842B6C8 /* Pods-Todoey.debug.xcconfig */ = {isa = PBXFileReference; includeInIndex = 1; lastKnownFileType = text.xcconfig; name = "Pods-Todoey.debug.xcconfig"; path = "Pods/Target Support Files/Pods-Todoey/Pods-Todoey.debug.xcconfig"; sourceTree = "<group>"; };
		9D3E8ED1AD74002424309E81 /* Pods-Todoey.release.xcconfig */ = {isa = PBXFileReference; includeInIndex = 1; lastKnownFileType = text.xcconfig; name = "Pods-Todoey.release.xcconfig"; path = "Pods/Target Support Files/Pods-Todoey/Pods-Todoey.release.xcconfig"; sourceTree = "<group>"; };
		A43B1234760B878DF58AE23A /* Pods_Todoey.framework */ = {isa = PBXFileReference; explicitFileType = wrapper.framework; includeInIndex = 0; path = Pods_Todoey.framework; sourceTree = BUILT_PRODUCTS_DIR; };
		A77320802031F8CB00EC5FEE /* CategoryViewController.swift */ = {isa = PBXFileReference; lastKnownFileType = sourcecode.swift; path = CategoryViewController.swift; sourceTree = "<group>"; };
		A793C7BD2032E6BC008A8E3C /* Item.swift */ = {isa = PBXFileReference; lastKnownFileType = sourcecode.swift; path = Item.swift; sourceTree = "<group>"; };
		A793C7BF2032E6C9008A8E3C /* Category.swift */ = {isa = PBXFileReference; lastKnownFileType = sourcecode.swift; path = Category.swift; sourceTree = "<group>"; };
		A7F69A482015178F0089AAE2 /* Todoey.app */ = {isa = PBXFileReference; explicitFileType = wrapper.application; includeInIndex = 0; path = Todoey.app; sourceTree = BUILT_PRODUCTS_DIR; };
		A7F69A4B2015178F0089AAE2 /* AppDelegate.swift */ = {isa = PBXFileReference; lastKnownFileType = sourcecode.swift; path = AppDelegate.swift; sourceTree = "<group>"; };
		A7F69A4D2015178F0089AAE2 /* TodoListViewController.swift */ = {isa = PBXFileReference; lastKnownFileType = sourcecode.swift; path = TodoListViewController.swift; sourceTree = "<group>"; };
		A7F69A502015178F0089AAE2 /* Base */ = {isa = PBXFileReference; lastKnownFileType = file.storyboard; name = Base; path = Base.lproj/Main.storyboard; sourceTree = "<group>"; };
		A7F69A522015178F0089AAE2 /* Assets.xcassets */ = {isa = PBXFileReference; lastKnownFileType = folder.assetcatalog; path = Assets.xcassets; sourceTree = "<group>"; };
		A7F69A552015178F0089AAE2 /* Base */ = {isa = PBXFileReference; lastKnownFileType = file.storyboard; name = Base; path = Base.lproj/LaunchScreen.storyboard; sourceTree = "<group>"; };
		A7F69A572015178F0089AAE2 /* Info.plist */ = {isa = PBXFileReference; lastKnownFileType = text.plist.xml; path = Info.plist; sourceTree = "<group>"; };
/* End PBXFileReference section */

/* Begin PBXFrameworksBuildPhase section */
		A7F69A452015178F0089AAE2 /* Frameworks */ = {
			isa = PBXFrameworksBuildPhase;
			buildActionMask = 2147483647;
			files = (
				793D833C4A8EDBE32C83E6EE /* Pods_Todoey.framework in Frameworks */,
			);
			runOnlyForDeploymentPostprocessing = 0;
		};
/* End PBXFrameworksBuildPhase section */

/* Begin PBXGroup section */
		5EB07919E13147ECFF0F10B4 /* Frameworks */ = {
			isa = PBXGroup;
			children = (
				A43B1234760B878DF58AE23A /* Pods_Todoey.framework */,
			);
			name = Frameworks;
			sourceTree = "<group>";
		};
		8FA5B0C416F503817AD9D649 /* Pods */ = {
			isa = PBXGroup;
			children = (
				468E12D5D1B4A5AF9842B6C8 /* Pods-Todoey.debug.xcconfig */,
				9D3E8ED1AD74002424309E81 /* Pods-Todoey.release.xcconfig */,
			);
			name = Pods;
			sourceTree = "<group>";
		};
		A76B785F2017668C00C47F7B /* Supporting Files */ = {
			isa = PBXGroup;
			children = (
				A7F69A522015178F0089AAE2 /* Assets.xcassets */,
				A7F69A542015178F0089AAE2 /* LaunchScreen.storyboard */,
			);
			name = "Supporting Files";
			path = "New Group";
			sourceTree = "<group>";
		};
		A76B78602017669A00C47F7B /* Views */ = {
			isa = PBXGroup;
			children = (
				A7F69A4F2015178F0089AAE2 /* Main.storyboard */,
			);
			name = Views;
			path = "New Group1";
			sourceTree = "<group>";
		};
		A76B7861201766A000C47F7B /* Controllers */ = {
			isa = PBXGroup;
			children = (
				A77320802031F8CB00EC5FEE /* CategoryViewController.swift */,
				A7F69A4D2015178F0089AAE2 /* TodoListViewController.swift */,
			);
			name = Controllers;
			path = "New Group2";
			sourceTree = "<group>";
		};
		A76B7864201766C500C47F7B /* Data Model */ = {
			isa = PBXGroup;
			children = (
				A793C7BF2032E6C9008A8E3C /* Category.swift */,
				A793C7BD2032E6BC008A8E3C /* Item.swift */,
			);
			name = "Data Model";
			path = "New Group3";
			sourceTree = "<group>";
		};
		A7F69A3F2015178F0089AAE2 = {
			isa = PBXGroup;
			children = (
				A7F69A4A2015178F0089AAE2 /* Todoey */,
				A7F69A492015178F0089AAE2 /* Products */,
				8FA5B0C416F503817AD9D649 /* Pods */,
				5EB07919E13147ECFF0F10B4 /* Frameworks */,
			);
			sourceTree = "<group>";
		};
		A7F69A492015178F0089AAE2 /* Products */ = {
			isa = PBXGroup;
			children = (
				A7F69A482015178F0089AAE2 /* Todoey.app */,
			);
			name = Products;
			sourceTree = "<group>";
		};
		A7F69A4A2015178F0089AAE2 /* Todoey */ = {
			isa = PBXGroup;
			children = (
				A7F69A4B2015178F0089AAE2 /* AppDelegate.swift */,
				A76B7861201766A000C47F7B /* Controllers */,
				A76B78602017669A00C47F7B /* Views */,
				A76B785F2017668C00C47F7B /* Supporting Files */,
				A7F69A572015178F0089AAE2 /* Info.plist */,
				A76B7864201766C500C47F7B /* Data Model */,
			);
			path = Todoey;
			sourceTree = "<group>";
		};
/* End PBXGroup section */

/* Begin PBXNativeTarget section */
		A7F69A472015178F0089AAE2 /* Todoey */ = {
			isa = PBXNativeTarget;
			buildConfigurationList = A7F69A5A2015178F0089AAE2 /* Build configuration list for PBXNativeTarget "Todoey" */;
			buildPhases = (
				43670B11956C1E1439897E8D /* [CP] Check Pods Manifest.lock */,
				A7F69A442015178F0089AAE2 /* Sources */,
				A7F69A452015178F0089AAE2 /* Frameworks */,
				A7F69A462015178F0089AAE2 /* Resources */,
				03D1E4226324A3C2F2F7BDE8 /* [CP] Embed Pods Frameworks */,
				F2BD327142B0103E68DB2EF0 /* [CP] Copy Pods Resources */,
			);
			buildRules = (
			);
			dependencies = (
			);
			name = Todoey;
			productName = Todoey;
			productReference = A7F69A482015178F0089AAE2 /* Todoey.app */;
			productType = "com.apple.product-type.application";
		};
/* End PBXNativeTarget section */

/* Begin PBXProject section */
		A7F69A402015178F0089AAE2 /* Project object */ = {
			isa = PBXProject;
			attributes = {
				LastSwiftUpdateCheck = 0920;
				LastUpgradeCheck = 0920;
				ORGANIZATIONNAME = DevRaccoon;
				TargetAttributes = {
					A7F69A472015178F0089AAE2 = {
						CreatedOnToolsVersion = 9.2;
						ProvisioningStyle = Automatic;
					};
				};
			};
			buildConfigurationList = A7F69A432015178F0089AAE2 /* Build configuration list for PBXProject "Todoey" */;
			compatibilityVersion = "Xcode 8.0";
			developmentRegion = en;
			hasScannedForEncodings = 0;
			knownRegions = (
				en,
				Base,
			);
			mainGroup = A7F69A3F2015178F0089AAE2;
			productRefGroup = A7F69A492015178F0089AAE2 /* Products */;
			projectDirPath = "";
			projectRoot = "";
			targets = (
				A7F69A472015178F0089AAE2 /* Todoey */,
			);
		};
/* End PBXProject section */

/* Begin PBXResourcesBuildPhase section */
		A7F69A462015178F0089AAE2 /* Resources */ = {
			isa = PBXResourcesBuildPhase;
			buildActionMask = 2147483647;
			files = (
				A7F69A562015178F0089AAE2 /* LaunchScreen.storyboard in Resources */,
				A7F69A532015178F0089AAE2 /* Assets.xcassets in Resources */,
				A7F69A512015178F0089AAE2 /* Main.storyboard in Resources */,
			);
			runOnlyForDeploymentPostprocessing = 0;
		};
/* End PBXResourcesBuildPhase section */

/* Begin PBXShellScriptBuildPhase section */
		03D1E4226324A3C2F2F7BDE8 /* [CP] Embed Pods Frameworks */ = {
			isa = PBXShellScriptBuildPhase;
			buildActionMask = 2147483647;
			files = (
			);
			inputPaths = (
				"${SRCROOT}/Pods/Target Support Files/Pods-Todoey/Pods-Todoey-frameworks.sh",
				"${BUILT_PRODUCTS_DIR}/Realm/Realm.framework",
				"${BUILT_PRODUCTS_DIR}/RealmSwift/RealmSwift.framework",
			);
			name = "[CP] Embed Pods Frameworks";
			outputPaths = (
				"${TARGET_BUILD_DIR}/${FRAMEWORKS_FOLDER_PATH}/Realm.framework",
				"${TARGET_BUILD_DIR}/${FRAMEWORKS_FOLDER_PATH}/RealmSwift.framework",
			);
			runOnlyForDeploymentPostprocessing = 0;
			shellPath = /bin/sh;
			shellScript = "\"${SRCROOT}/Pods/Target Support Files/Pods-Todoey/Pods-Todoey-frameworks.sh\"\n";
			showEnvVarsInLog = 0;
		};
		43670B11956C1E1439897E8D /* [CP] Check Pods Manifest.lock */ = {
			isa = PBXShellScriptBuildPhase;
			buildActionMask = 2147483647;
			files = (
			);
			inputPaths = (
				"${PODS_PODFILE_DIR_PATH}/Podfile.lock",
				"${PODS_ROOT}/Manifest.lock",
			);
			name = "[CP] Check Pods Manifest.lock";
			outputPaths = (
				"$(DERIVED_FILE_DIR)/Pods-Todoey-checkManifestLockResult.txt",
			);
			runOnlyForDeploymentPostprocessing = 0;
			shellPath = /bin/sh;
			shellScript = "diff \"${PODS_PODFILE_DIR_PATH}/Podfile.lock\" \"${PODS_ROOT}/Manifest.lock\" > /dev/null\nif [ $? != 0 ] ; then\n    # print error to STDERR\n    echo \"error: The sandbox is not in sync with the Podfile.lock. Run 'pod install' or update your CocoaPods installation.\" >&2\n    exit 1\nfi\n# This output is used by Xcode 'outputs' to avoid re-running this script phase.\necho \"SUCCESS\" > \"${SCRIPT_OUTPUT_FILE_0}\"\n";
			showEnvVarsInLog = 0;
		};
		F2BD327142B0103E68DB2EF0 /* [CP] Copy Pods Resources */ = {
			isa = PBXShellScriptBuildPhase;
			buildActionMask = 2147483647;
			files = (
			);
			inputPaths = (
			);
			name = "[CP] Copy Pods Resources";
			outputPaths = (
			);
			runOnlyForDeploymentPostprocessing = 0;
			shellPath = /bin/sh;
			shellScript = "\"${SRCROOT}/Pods/Target Support Files/Pods-Todoey/Pods-Todoey-resources.sh\"\n";
			showEnvVarsInLog = 0;
		};
/* End PBXShellScriptBuildPhase section */

/* Begin PBXSourcesBuildPhase section */
		A7F69A442015178F0089AAE2 /* Sources */ = {
			isa = PBXSourcesBuildPhase;
			buildActionMask = 2147483647;
			files = (
				A77320812031F8CB00EC5FEE /* CategoryViewController.swift in Sources */,
				A7F69A4E2015178F0089AAE2 /* TodoListViewController.swift in Sources */,
				A793C7BE2032E6BC008A8E3C /* Item.swift in Sources */,
				A7F69A4C2015178F0089AAE2 /* AppDelegate.swift in Sources */,
				A793C7C02032E6C9008A8E3C /* Category.swift in Sources */,
			);
			runOnlyForDeploymentPostprocessing = 0;
		};
/* End PBXSourcesBuildPhase section */

/* Begin PBXVariantGroup section */
		A7F69A4F2015178F0089AAE2 /* Main.storyboard */ = {
			isa = PBXVariantGroup;
			children = (
				A7F69A502015178F0089AAE2 /* Base */,
			);
			name = Main.storyboard;
			sourceTree = "<group>";
		};
		A7F69A542015178F0089AAE2 /* LaunchScreen.storyboard */ = {
			isa = PBXVariantGroup;
			children = (
				A7F69A552015178F0089AAE2 /* Base */,
			);
			name = LaunchScreen.storyboard;
			sourceTree = "<group>";
		};
/* End PBXVariantGroup section */

/* Begin XCBuildConfiguration section */
		A7F69A582015178F0089AAE2 /* Debug */ = {
			isa = XCBuildConfiguration;
			buildSettings = {
				ALWAYS_SEARCH_USER_PATHS = NO;
				CLANG_ANALYZER_NONNULL = YES;
				CLANG_ANALYZER_NUMBER_OBJECT_CONVERSION = YES_AGGRESSIVE;
				CLANG_CXX_LANGUAGE_STANDARD = "gnu++14";
				CLANG_CXX_LIBRARY = "libc++";
				CLANG_ENABLE_MODULES = YES;
				CLANG_ENABLE_OBJC_ARC = YES;
				CLANG_WARN_BLOCK_CAPTURE_AUTORELEASING = YES;
				CLANG_WARN_BOOL_CONVERSION = YES;
				CLANG_WARN_COMMA = YES;
				CLANG_WARN_CONSTANT_CONVERSION = YES;
				CLANG_WARN_DIRECT_OBJC_ISA_USAGE = YES_ERROR;
				CLANG_WARN_DOCUMENTATION_COMMENTS = YES;
				CLANG_WARN_EMPTY_BODY = YES;
				CLANG_WARN_ENUM_CONVERSION = YES;
				CLANG_WARN_INFINITE_RECURSION = YES;
				CLANG_WARN_INT_CONVERSION = YES;
				CLANG_WARN_NON_LITERAL_NULL_CONVERSION = YES;
				CLANG_WARN_OBJC_LITERAL_CONVERSION = YES;
				CLANG_WARN_OBJC_ROOT_CLASS = YES_ERROR;
				CLANG_WARN_RANGE_LOOP_ANALYSIS = YES;
				CLANG_WARN_STRICT_PROTOTYPES = YES;
				CLANG_WARN_SUSPICIOUS_MOVE = YES;
				CLANG_WARN_UNGUARDED_AVAILABILITY = YES_AGGRESSIVE;
				CLANG_WARN_UNREACHABLE_CODE = YES;
				CLANG_WARN__DUPLICATE_METHOD_MATCH = YES;
				CODE_SIGN_IDENTITY = "iPhone Developer";
				COPY_PHASE_STRIP = NO;
				DEBUG_INFORMATION_FORMAT = dwarf;
				ENABLE_STRICT_OBJC_MSGSEND = YES;
				ENABLE_TESTABILITY = YES;
				GCC_C_LANGUAGE_STANDARD = gnu11;
				GCC_DYNAMIC_NO_PIC = NO;
				GCC_NO_COMMON_BLOCKS = YES;
				GCC_OPTIMIZATION_LEVEL = 0;
				GCC_PREPROCESSOR_DEFINITIONS = (
					"DEBUG=1",
					"$(inherited)",
				);
				GCC_WARN_64_TO_32_BIT_CONVERSION = YES;
				GCC_WARN_ABOUT_RETURN_TYPE = YES_ERROR;
				GCC_WARN_UNDECLARED_SELECTOR = YES;
				GCC_WARN_UNINITIALIZED_AUTOS = YES_AGGRESSIVE;
				GCC_WARN_UNUSED_FUNCTION = YES;
				GCC_WARN_UNUSED_VARIABLE = YES;
				IPHONEOS_DEPLOYMENT_TARGET = 11.2;
				MTL_ENABLE_DEBUG_INFO = YES;
				ONLY_ACTIVE_ARCH = YES;
				SDKROOT = iphoneos;
				SWIFT_ACTIVE_COMPILATION_CONDITIONS = DEBUG;
				SWIFT_OPTIMIZATION_LEVEL = "-Onone";
			};
			name = Debug;
		};
		A7F69A592015178F0089AAE2 /* Release */ = {
			isa = XCBuildConfiguration;
			buildSettings = {
				ALWAYS_SEARCH_USER_PATHS = NO;
				CLANG_ANALYZER_NONNULL = YES;
				CLANG_ANALYZER_NUMBER_OBJECT_CONVERSION = YES_AGGRESSIVE;
				CLANG_CXX_LANGUAGE_STANDARD = "gnu++14";
				CLANG_CXX_LIBRARY = "libc++";
				CLANG_ENABLE_MODULES = YES;
				CLANG_ENABLE_OBJC_ARC = YES;
				CLANG_WARN_BLOCK_CAPTURE_AUTORELEASING = YES;
				CLANG_WARN_BOOL_CONVERSION = YES;
				CLANG_WARN_COMMA = YES;
				CLANG_WARN_CONSTANT_CONVERSION = YES;
				CLANG_WARN_DIRECT_OBJC_ISA_USAGE = YES_ERROR;
				CLANG_WARN_DOCUMENTATION_COMMENTS = YES;
				CLANG_WARN_EMPTY_BODY = YES;
				CLANG_WARN_ENUM_CONVERSION = YES;
				CLANG_WARN_INFINITE_RECURSION = YES;
				CLANG_WARN_INT_CONVERSION = YES;
				CLANG_WARN_NON_LITERAL_NULL_CONVERSION = YES;
				CLANG_WARN_OBJC_LITERAL_CONVERSION = YES;
				CLANG_WARN_OBJC_ROOT_CLASS = YES_ERROR;
				CLANG_WARN_RANGE_LOOP_ANALYSIS = YES;
				CLANG_WARN_STRICT_PROTOTYPES = YES;
				CLANG_WARN_SUSPICIOUS_MOVE = YES;
				CLANG_WARN_UNGUARDED_AVAILABILITY = YES_AGGRESSIVE;
				CLANG_WARN_UNREACHABLE_CODE = YES;
				CLANG_WARN__DUPLICATE_METHOD_MATCH = YES;
				CODE_SIGN_IDENTITY = "iPhone Developer";
				COPY_PHASE_STRIP = NO;
				DEBUG_INFORMATION_FORMAT = "dwarf-with-dsym";
				ENABLE_NS_ASSERTIONS = NO;
				ENABLE_STRICT_OBJC_MSGSEND = YES;
				GCC_C_LANGUAGE_STANDARD = gnu11;
				GCC_NO_COMMON_BLOCKS = YES;
				GCC_WARN_64_TO_32_BIT_CONVERSION = YES;
				GCC_WARN_ABOUT_RETURN_TYPE = YES_ERROR;
				GCC_WARN_UNDECLARED_SELECTOR = YES;
				GCC_WARN_UNINITIALIZED_AUTOS = YES_AGGRESSIVE;
				GCC_WARN_UNUSED_FUNCTION = YES;
				GCC_WARN_UNUSED_VARIABLE = YES;
				IPHONEOS_DEPLOYMENT_TARGET = 11.2;
				MTL_ENABLE_DEBUG_INFO = NO;
				SDKROOT = iphoneos;
				SWIFT_OPTIMIZATION_LEVEL = "-Owholemodule";
				VALIDATE_PRODUCT = YES;
			};
			name = Release;
		};
		A7F69A5B2015178F0089AAE2 /* Debug */ = {
			isa = XCBuildConfiguration;
			baseConfigurationReference = 468E12D5D1B4A5AF9842B6C8 /* Pods-Todoey.debug.xcconfig */;
			buildSettings = {
				ASSETCATALOG_COMPILER_APPICON_NAME = AppIcon;
				CODE_SIGN_STYLE = Automatic;
				DEVELOPMENT_TEAM = MX2Y6V5737;
				INFOPLIST_FILE = Todoey/Info.plist;
				LD_RUNPATH_SEARCH_PATHS = "$(inherited) @executable_path/Frameworks";
				PRODUCT_BUNDLE_IDENTIFIER = com.devraccoon.Todoey;
				PRODUCT_NAME = "$(TARGET_NAME)";
				SWIFT_VERSION = 4.0;
				TARGETED_DEVICE_FAMILY = "1,2";
			};
			name = Debug;
		};
		A7F69A5C2015178F0089AAE2 /* Release */ = {
			isa = XCBuildConfiguration;
			baseConfigurationReference = 9D3E8ED1AD74002424309E81 /* Pods-Todoey.release.xcconfig */;
			buildSettings = {
				ASSETCATALOG_COMPILER_APPICON_NAME = AppIcon;
				CODE_SIGN_STYLE = Automatic;
				DEVELOPMENT_TEAM = MX2Y6V5737;
				INFOPLIST_FILE = Todoey/Info.plist;
				LD_RUNPATH_SEARCH_PATHS = "$(inherited) @executable_path/Frameworks";
				PRODUCT_BUNDLE_IDENTIFIER = com.devraccoon.Todoey;
				PRODUCT_NAME = "$(TARGET_NAME)";
				SWIFT_VERSION = 4.0;
				TARGETED_DEVICE_FAMILY = "1,2";
			};
			name = Release;
		};
/* End XCBuildConfiguration section */

/* Begin XCConfigurationList section */
		A7F69A432015178F0089AAE2 /* Build configuration list for PBXProject "Todoey" */ = {
			isa = XCConfigurationList;
			buildConfigurations = (
				A7F69A582015178F0089AAE2 /* Debug */,
				A7F69A592015178F0089AAE2 /* Release */,
			);
			defaultConfigurationIsVisible = 0;
			defaultConfigurationName = Release;
		};
		A7F69A5A2015178F0089AAE2 /* Build configuration list for PBXNativeTarget "Todoey" */ = {
			isa = XCConfigurationList;
			buildConfigurations = (
				A7F69A5B2015178F0089AAE2 /* Debug */,
				A7F69A5C2015178F0089AAE2 /* Release */,
			);
			defaultConfigurationIsVisible = 0;
			defaultConfigurationName = Release;
		};
/* End XCConfigurationList section */
	};
	rootObject = A7F69A402015178F0089AAE2 /* Project object */;
}
